# This file is automatically @generated by Poetry 2.2.1 and should not be changed by hand.

[[package]]
name = "localeiq-shared"
version = "0.1.0"
description = "Data package for LocaleIQ"
optional = false
python-versions = ">=3.14"
groups = ["main"]
files = []
develop = true

[package.source]
type = "directory"
url = "../shared"

[metadata]
lock-version = "2.1"
python-versions = ">=3.14"
content-hash = "8518dedd613d6b6facec75bb7c830511c30641bcdfd34df12235db53ba7dcf75"
