# This file is automatically @generated by Poetry 2.2.1 and should not be changed by hand.

[[package]]
name = "pendulum"
version = "3.1.0"
description = "Python datetimes made easy"
optional = false
python-versions = ">=3.9"
groups = ["main"]
files = [
    {file = "pendulum-3.1.0-cp310-cp310-macosx_10_12_x86_64.whl", hash = "sha256:aa545a59e6517cf43597455a6fb44daa4a6e08473d67a7ad34e4fa951efb9620"},
    {file = "pendulum-3.1.0-cp310-cp310-macosx_11_0_arm64.whl", hash = "sha256:299df2da6c490ede86bb8d58c65e33d7a2a42479d21475a54b467b03ccb88531"},
    {file = "pendulum-3.1.0-cp310-cp310-manylinux_2_17_aarch64.manylinux2014_aarch64.whl", hash = "sha256:dbaa66e3ab179a2746eec67462f852a5d555bd709c25030aef38477468dd008e"},
    {file = "pendulum-3.1.0-cp310-cp310-manylinux_2_17_ppc64le.manylinux2014_ppc64le.whl", hash = "sha256:c3907ab3744c32e339c358d88ec80cd35fa2d4b25c77a3c67e6b39e99b7090c5"},
    {file = "pendulum-3.1.0-cp310-cp310-manylinux_2_17_s390x.manylinux2014_s390x.whl", hash = "sha256:8244958c5bc4ed1c47ee84b098ddd95287a3fc59e569ca6e2b664c6396138ec4"},
    {file = "pendulum-3.1.0-cp310-cp310-manylinux_2_17_x86_64.manylinux2014_x86_64.whl", hash = "sha256:ca5722b3993b85ff7dfced48d86b318f863c359877b6badf1a3601e35199ef8f"},
    {file = "pendulum-3.1.0-cp310-cp310-musllinux_1_1_aarch64.whl", hash = "sha256:5b77a3dc010eea1a4916ef3771163d808bfc3e02b894c37df311287f18e5b764"},
    {file = "pendulum-3.1.0-cp310-cp310-musllinux_1_1_x86_64.whl", hash = "sha256:2d6e1eff4a15fdb8fb3867c5469e691c2465eef002a6a541c47b48a390ff4cf4"},
    {file = "pendulum-3.1.0-cp310-cp310-win_amd64.whl", hash = "sha256:73de43ec85b46ac75db848c8e2f3f5d086e90b11cd9c7f029e14c8d748d920e2"},
    {file = "pendulum-3.1.0-cp311-cp311-macosx_10_12_x86_64.whl", hash = "sha256:61a03d14f8c64d13b2f7d5859e4b4053c4a7d3b02339f6c71f3e4606bfd67423"},
    {file = "pendulum-3.1.0-cp311-cp311-macosx_11_0_arm64.whl", hash = "sha256:e674ed2d158afa5c361e60f1f67872dc55b492a10cacdaa7fcd7b7da5f158f24"},
    {file = "pendulum-3.1.0-cp311-cp311-manylinux_2_17_aarch64.manylinux2014_aarch64.whl", hash = "sha256:7c75377eb16e58bbe7e03ea89eeea49be6fc5de0934a4aef0e263f8b4fa71bc2"},
    {file = "pendulum-3.1.0-cp311-cp311-manylinux_2_17_ppc64le.manylinux2014_ppc64le.whl", hash = "sha256:656b8b0ce070f0f2e5e2668247d3c783c55336534aa1f13bd0969535878955e1"},
    {file = "pendulum-3.1.0-cp311-cp311-manylinux_2_17_s390x.manylinux2014_s390x.whl", hash = "sha256:48962903e6c1afe1f13548cb6252666056086c107d59e3d64795c58c9298bc2e"},
    {file = "pendulum-3.1.0-cp311-cp311-manylinux_2_17_x86_64.manylinux2014_x86_64.whl", hash = "sha256:d364ec3f8e65010fefd4b0aaf7be5eb97e5df761b107a06f5e743b7c3f52c311"},
    {file = "pendulum-3.1.0-cp311-cp311-musllinux_1_1_aarch64.whl", hash = "sha256:dd52caffc2afb86612ec43bbeb226f204ea12ebff9f3d12f900a7d3097210fcc"},
    {file = "pendulum-3.1.0-cp311-cp311-musllinux_1_1_x86_64.whl", hash = "sha256:d439fccaa35c91f686bd59d30604dab01e8b5c1d0dd66e81648c432fd3f8a539"},
    {file = "pendulum-3.1.0-cp311-cp311-win_amd64.whl", hash = "sha256:43288773a86d9c5c0ddb645f88f615ff6bd12fd1410b34323662beccb18f3b49"},
    {file = "pendulum-3.1.0-cp311-cp311-win_arm64.whl", hash = "sha256:569ea5072ae0f11d625e03b36d865f8037b76e838a3b621f6967314193896a11"},
    {file = "pendulum-3.1.0-cp312-cp312-macosx_10_12_x86_64.whl", hash = "sha256:4dfd53e7583ccae138be86d6c0a0b324c7547df2afcec1876943c4d481cf9608"},
    {file = "pendulum-3.1.0-cp312-cp312-macosx_11_0_arm64.whl", hash = "sha256:6a6e06a28f3a7d696546347805536f6f38be458cb79de4f80754430696bea9e6"},
    {file = "pendulum-3.1.0-cp312-cp312-manylinux_2_17_aarch64.manylinux2014_aarch64.whl", hash = "sha256:7e68d6a51880708084afd8958af42dc8c5e819a70a6c6ae903b1c4bfc61e0f25"},
    {file = "pendulum-3.1.0-cp312-cp312-manylinux_2_17_ppc64le.manylinux2014_ppc64le.whl", hash = "sha256:9e3f1e5da39a7ea7119efda1dd96b529748c1566f8a983412d0908455d606942"},
    {file = "pendulum-3.1.0-cp312-cp312-manylinux_2_17_s390x.manylinux2014_s390x.whl", hash = "sha256:e9af1e5eeddb4ebbe1b1c9afb9fd8077d73416ade42dd61264b3f3b87742e0bb"},
    {file = "pendulum-3.1.0-cp312-cp312-manylinux_2_17_x86_64.manylinux2014_x86_64.whl", hash = "sha256:20f74aa8029a42e327bfc150472e0e4d2358fa5d795f70460160ba81b94b6945"},
    {file = "pendulum-3.1.0-cp312-cp312-musllinux_1_1_aarch64.whl", hash = "sha256:cf6229e5ee70c2660148523f46c472e677654d0097bec010d6730f08312a4931"},
    {file = "pendulum-3.1.0-cp312-cp312-musllinux_1_1_x86_64.whl", hash = "sha256:350cabb23bf1aec7c7694b915d3030bff53a2ad4aeabc8c8c0d807c8194113d6"},
    {file = "pendulum-3.1.0-cp312-cp312-win_amd64.whl", hash = "sha256:42959341e843077c41d47420f28c3631de054abd64da83f9b956519b5c7a06a7"},
    {file = "pendulum-3.1.0-cp312-cp312-win_arm64.whl", hash = "sha256:006758e2125da2e624493324dfd5d7d1b02b0c44bc39358e18bf0f66d0767f5f"},
    {file = "pendulum-3.1.0-cp313-cp313-macosx_10_12_x86_64.whl", hash = "sha256:28658b0baf4b30eb31d096a375983cfed033e60c0a7bbe94fa23f06cd779b50b"},
    {file = "pendulum-3.1.0-cp313-cp313-macosx_11_0_arm64.whl", hash = "sha256:b114dcb99ce511cb8f5495c7b6f0056b2c3dba444ef1ea6e48030d7371bd531a"},
    {file = "pendulum-3.1.0-cp313-cp313-manylinux_2_17_aarch64.manylinux2014_aarch64.whl", hash = "sha256:2404a6a54c80252ea393291f0b7f35525a61abae3d795407f34e118a8f133a18"},
    {file = "pendulum-3.1.0-cp313-cp313-manylinux_2_17_ppc64le.manylinux2014_ppc64le.whl", hash = "sha256:d06999790d9ee9962a1627e469f98568bf7ad1085553fa3c30ed08b3944a14d7"},
    {file = "pendulum-3.1.0-cp313-cp313-manylinux_2_17_s390x.manylinux2014_s390x.whl", hash = "sha256:94751c52f6b7c306734d1044c2c6067a474237e1e5afa2f665d1fbcbbbcf24b3"},
    {file = "pendulum-3.1.0-cp313-cp313-manylinux_2_17_x86_64.manylinux2014_x86_64.whl", hash = "sha256:5553ac27be05e997ec26d7f004cf72788f4ce11fe60bb80dda604a64055b29d0"},
    {file = "pendulum-3.1.0-cp313-cp313-musllinux_1_1_aarch64.whl", hash = "sha256:f8dee234ca6142bf0514368d01a72945a44685aaa2fc4c14c98d09da9437b620"},
    {file = "pendulum-3.1.0-cp313-cp313-musllinux_1_1_x86_64.whl", hash = "sha256:7378084fe54faab4ee481897a00b710876f2e901ded6221671e827a253e643f2"},
    {file = "pendulum-3.1.0-cp313-cp313-win_amd64.whl", hash = "sha256:8539db7ae2c8da430ac2515079e288948c8ebf7eb1edd3e8281b5cdf433040d6"},
    {file = "pendulum-3.1.0-cp313-cp313-win_arm64.whl", hash = "sha256:1ce26a608e1f7387cd393fba2a129507c4900958d4f47b90757ec17656856571"},
    {file = "pendulum-3.1.0-cp39-cp39-macosx_10_12_x86_64.whl", hash = "sha256:2504df1a7ff8e0827781a601ff399bfcad23e7b7943f87ef33db02c11131f5e8"},
    {file = "pendulum-3.1.0-cp39-cp39-macosx_11_0_arm64.whl", hash = "sha256:4041a7156695499b6676ed092f27e17760db2341bf350f6c5ea9137dd2cfd3f6"},
    {file = "pendulum-3.1.0-cp39-cp39-manylinux_2_17_aarch64.manylinux2014_aarch64.whl", hash = "sha256:87b277e9177651d6af8500b95f0af1e3c1769064f2353c06f638d3c1e065063e"},
    {file = "pendulum-3.1.0-cp39-cp39-manylinux_2_17_ppc64le.manylinux2014_ppc64le.whl", hash = "sha256:784cf82b676118816fb81ea6bcbdf8f3b0c49aa74fcb895647ef7f8046093471"},
    {file = "pendulum-3.1.0-cp39-cp39-manylinux_2_17_s390x.manylinux2014_s390x.whl", hash = "sha256:9e44277a391fa5ad2e9ce02b1b24fd9489cb2a371ae2459eddb238301d31204d"},
    {file = "pendulum-3.1.0-cp39-cp39-manylinux_2_17_x86_64.manylinux2014_x86_64.whl", hash = "sha256:6a7d0bca8cca92d60734b64fa4fa58b17b8ec1f55112bf77d00ee65248d19177"},
    {file = "pendulum-3.1.0-cp39-cp39-musllinux_1_1_aarch64.whl", hash = "sha256:bfac5e02faee02c180444e722c298690688ec1c3dfa1aab65fb4e0e3825d84ed"},
    {file = "pendulum-3.1.0-cp39-cp39-musllinux_1_1_x86_64.whl", hash = "sha256:e0da70941b062220e734c2c510ad30daa60aca1a37e893f1baa0da065ffa4c72"},
    {file = "pendulum-3.1.0-cp39-cp39-win_amd64.whl", hash = "sha256:300a237fb81028edb9604d4d1bb205b80515fd22ab9c1a4c55014d07869122f8"},
    {file = "pendulum-3.1.0-pp310-pypy310_pp73-macosx_10_12_x86_64.whl", hash = "sha256:d2cac744940299d8da41a3ed941aa1e02b5abbc9ae2c525f3aa2ae30c28a86b5"},
    {file = "pendulum-3.1.0-pp310-pypy310_pp73-macosx_11_0_arm64.whl", hash = "sha256:ffb39c3f3906a9c9a108fa98e5556f18b52d2c6451984bbfe2f14436ec4fc9d4"},
    {file = "pendulum-3.1.0-pp310-pypy310_pp73-manylinux_2_17_aarch64.manylinux2014_aarch64.whl", hash = "sha256:ebe18b1c2eb364064cc4a68a65900f1465cac47d0891dab82341766bcc05b40c"},
    {file = "pendulum-3.1.0-pp310-pypy310_pp73-manylinux_2_17_x86_64.manylinux2014_x86_64.whl", hash = "sha256:a9e9b28a35cec9fcd90f224b4878456129a057dbd694fc8266a9393834804995"},
    {file = "pendulum-3.1.0-pp310-pypy310_pp73-musllinux_1_1_aarch64.whl", hash = "sha256:a3be19b73a9c6a866724419295482f817727e635ccc82f07ae6f818943a1ee96"},
    {file = "pendulum-3.1.0-pp310-pypy310_pp73-musllinux_1_1_x86_64.whl", hash = "sha256:24a53b523819bda4c70245687a589b5ea88711f7caac4be5f276d843fe63076b"},
    {file = "pendulum-3.1.0-pp310-pypy310_pp73-win_amd64.whl", hash = "sha256:bd701789414fbd0be3c75f46803f31e91140c23821e4bcb0fa2bddcdd051c425"},
    {file = "pendulum-3.1.0-pp39-pypy39_pp73-macosx_10_12_x86_64.whl", hash = "sha256:0803639fc98e03f74d0b83955a2800bcee1c99b0700638aae9ab7ceb1a7dcca3"},
    {file = "pendulum-3.1.0-pp39-pypy39_pp73-macosx_11_0_arm64.whl", hash = "sha256:4cceff50503ef9cb021e53a238f867c9843b4dd55859582d682f3c9e52460699"},
    {file = "pendulum-3.1.0-pp39-pypy39_pp73-manylinux_2_17_aarch64.manylinux2014_aarch64.whl", hash = "sha256:c2cf8adcf3030eef78c3cd82afd9948cd1a4ae1a9450e9ac128b9e744c42825f"},
    {file = "pendulum-3.1.0-pp39-pypy39_pp73-manylinux_2_17_x86_64.manylinux2014_x86_64.whl", hash = "sha256:e5bce0f71c10e983e1c39e1eb37b9a5f5c2aa0c15a36edaaa0a844fb1fbc7bbb"},
    {file = "pendulum-3.1.0-pp39-pypy39_pp73-musllinux_1_1_aarch64.whl", hash = "sha256:c1354be2df38f031ac6a985949b6541be7d39dd7e44c8804f4bc9a39dea9f3bb"},
    {file = "pendulum-3.1.0-pp39-pypy39_pp73-musllinux_1_1_x86_64.whl", hash = "sha256:e4cbd933a40c915ed5c41b083115cca15c7afa8179363b2a61db167c64fa0670"},
    {file = "pendulum-3.1.0-pp39-pypy39_pp73-win_amd64.whl", hash = "sha256:3363a470b5d67dbf8d9fd1bf77dcdbf720788bc3be4a10bdcd28ae5d7dbd26c4"},
    {file = "pendulum-3.1.0-py3-none-any.whl", hash = "sha256:f9178c2a8e291758ade1e8dd6371b1d26d08371b4c7730a6e9a3ef8b16ebae0f"},
    {file = "pendulum-3.1.0.tar.gz", hash = "sha256:66f96303560f41d097bee7d2dc98ffca716fbb3a832c4b3062034c2d45865015"},
]

[package.dependencies]
python-dateutil = ">=2.6"
tzdata = ">=2020.1"

[package.extras]
test = ["time-machine (>=2.6.0) ; implementation_name != \"pypy\""]

[[package]]
name = "python-dateutil"
version = "2.9.0.post0"
description = "Extensions to the standard Python datetime module"
optional = false
python-versions = "!=3.0.*,!=3.1.*,!=3.2.*,>=2.7"
groups = ["main"]
files = [
    {file = "python-dateutil-2.9.0.post0.tar.gz", hash = "sha256:37dd54208da7e1cd875388217d5e00ebd4179249f90fb72437e91a35459a0ad3"},
    {file = "python_dateutil-2.9.0.post0-py2.py3-none-any.whl", hash = "sha256:a8b2bc7bffae282281c8140a97d3aa9c14da0b136dfe83f850eea9a5f7470427"},
]

[package.dependencies]
six = ">=1.5"

[[package]]
name = "six"
version = "1.17.0"
description = "Python 2 and 3 compatibility utilities"
optional = false
python-versions = "!=3.0.*,!=3.1.*,!=3.2.*,>=2.7"
groups = ["main"]
files = [
    {file = "six-1.17.0-py2.py3-none-any.whl", hash = "sha256:4721f391ed90541fddacab5acf947aa0d3dc7d27b2e1e8eda2be8970586c3274"},
    {file = "six-1.17.0.tar.gz", hash = "sha256:ff70335d468e7eb6ec65b95b99d3a2836546063f63acc5171de367e834932a81"},
]

[[package]]
name = "tzdata"
version = "2025.2"
description = "Provider of IANA time zone data"
optional = false
python-versions = ">=2"
groups = ["main"]
files = [
    {file = "tzdata-2025.2-py2.py3-none-any.whl", hash = "sha256:1a403fada01ff9221ca8044d701868fa132215d84beb92242d9acd2147f667a8"},
    {file = "tzdata-2025.2.tar.gz", hash = "sha256:b60a638fcc0daffadf82fe0f57e53d06bdec2f36c4df66280ae79bce6bd6f2b9"},
]

[metadata]
lock-version = "2.1"
python-versions = ">=3.14"
content-hash = "fc6e4e5b335934a1d2c1555eaa3a1076c258627fb2c87eeff3cfdb364e41f40c"
